
Microsoft Visual Studio Solution File, Format Version 12.00
# Visual Studio 2012
Project("{8BC9CEB8-8B4A-11D0-8D11-00A0C91BC942}") = "OOPLab_04", "OOPLab_04\OOPLab_04.vcxproj", "{BBFF69D1-B885-4B71-988E-A7C446CB4ADB}"
EndProject
Global
	GlobalSection(SolutionConfigurationPlatforms) = preSolution
		Debug|Win32 = Debug|Win32
		Release|Win32 = Release|Win32
	EndGlobalSection
	GlobalSection(ProjectConfigurationPlatforms) = postSolution
		{BBFF69D1-B885-4B71-988E-A7C446CB4ADB}.Debug|Win32.ActiveCfg = Debug|Win32
		{BBFF69D1-B885-4B71-988E-A7C446CB4ADB}.Debug|Win32.Build.0 = Debug|Win32
		{BBFF69D1-B885-4B71-988E-A7C446CB4ADB}.Release|Win32.ActiveCfg = Release|Win32
		{BBFF69D1-B885-4B71-988E-A7C446CB4ADB}.Release|Win32.Build.0 = Release|Win32
	EndGlobalSection
	GlobalSection(SolutionProperties) = preSolution
		HideSolutionNode = FALSE
	EndGlobalSection
EndGlobal
